{
  "pins" : [
    {
      "identity" : "cardslider",
      "kind" : "remoteSourceControl",
      "location" : "https://github.com/Ramotion/cardslider",
      "state" : {
        "branch" : "master",
        "revision" : "b66a2bcfff00b3a6bb68e366a61692ebaea7ae44"
      }
    },
    {
      "identity" : "marqueelabel",
      "kind" : "remoteSourceControl",
      "location" : "https://github.com/cbpowell/MarqueeLabel",
      "state" : {
        "revision" : "f2c72a5f8568579dade6350dc26a482076d3d346",
        "version" : "4.3.0"
      }
    },
    {
      "identity" : "notificationbanner",
      "kind" : "remoteSourceControl",
      "location" : "https://github.com/Daltron/NotificationBanner",
      "state" : {
        "revision" : "e856a462053daf80c7936056d64246983f3f4d14",
        "version" : "3.1.0"
      }
    },
    {
      "identity" : "skeletonview",
      "kind" : "remoteSourceControl",
      "location" : "https://github.com/Juanpe/SkeletonView",
      "state" : {
        "revision" : "9e61ff3a85a3780a2cdfceae0257ad32fa8ae4d3",
        "version" : "1.29.2"
      }
    },
    {
      "identity" : "snapkit",
      "kind" : "remoteSourceControl",
      "location" : "https://github.com/SnapKit/SnapKit",
      "state" : {
        "revision" : "d458564516e5676af9c70b4f4b2a9178294f1bc6",
        "version" : "5.0.1"
      }
    },
    {
      "identity" : "voice-overlay-ios",
      "kind" : "remoteSourceControl",
      "location" : "https://github.com/algolia/voice-overlay-ios",
      "state" : {
        "branch" : "master",
        "revision" : "55a1047be9e0d9e4d4295ef127cc31b3ef7b8b54"
      }
    }
  ],
  "version" : 2
}
